// !$*UTF8*$!
{
	archiveVersion = 1;
	classes = {
	};
	objectVersion = 54;
	objects = {

/* Begin PBXBuildFile section */
		1BEBFA2C164C19FB7E2A20E8 /* BillyTempoCasualGamesFramework.xcframework in Frameworks */ = {isa = PBXBuildFile; fileRef = F779E868C8B57583D84B31DA /* BillyTempoCasualGamesFramework.xcframework */; };
		324F4111594A10D78BD6B176 /* Assets.xcassets in Resources */ = {isa = PBXBuildFile; fileRef = 4B7233D23D1237A970123925 /* Assets.xcassets */; };
		522CF314969137B559B6C6FA /* Preview Assets.xcassets in Resources */ = {isa = PBXBuildFile; fileRef = 6BEE9ADA5477EF2DAEA8A390 /* Preview Assets.xcassets */; };
		52E754EE6E6BEC279653C973 /* main.swift in Sources */ = {isa = PBXBuildFile; fileRef = 118699235943C220A92AB01F /* main.swift */; };
		74F0D5A3844DD5C60906C9FA /* AppDelegate.swift in Sources */ = {isa = PBXBuildFile; fileRef = E5C14D01D47C57B404EC0612 /* AppDelegate.swift */; };
		A5A494FF016AC6DE2171510E /* BillyTempoCasualGamesFramework.xcframework in Embed Frameworks */ = {isa = PBXBuildFile; fileRef = F779E868C8B57583D84B31DA /* BillyTempoCasualGamesFramework.xcframework */; settings = {ATTRIBUTES = (CodeSignOnCopy, RemoveHeadersOnCopy, ); }; };
		A761226A04937F68A80265B9 /* PongConfiguration.swift in Sources */ = {isa = PBXBuildFile; fileRef = 4E2CD1792B8AF9861F1CE5A8 /* PongConfiguration.swift */; };
		BF9CBD33FD75B08C414BE799 /* PongViewController.swift in Sources */ = {isa = PBXBuildFile; fileRef = 65E9EC4FA7B6875D992399EF /* PongViewController.swift */; };
/* End PBXBuildFile section */

/* Begin PBXCopyFilesBuildPhase section */
		C4D8BC17B612323F1967B34A /* Embed Frameworks */ = {
			isa = PBXCopyFilesBuildPhase;
			buildActionMask = 2147483647;
			dstPath = "";
			dstSubfolderSpec = 10;
			files = (
				A5A494FF016AC6DE2171510E /* BillyTempoCasualGamesFramework.xcframework in Embed Frameworks */,
			);
			name = "Embed Frameworks";
			runOnlyForDeploymentPostprocessing = 0;
		};
/* End PBXCopyFilesBuildPhase section */

/* Begin PBXFileReference section */
		118699235943C220A92AB01F /* main.swift */ = {isa = PBXFileReference; lastKnownFileType = sourcecode.swift; path = main.swift; sourceTree = "<group>"; };
		4B7233D23D1237A970123925 /* Assets.xcassets */ = {isa = PBXFileReference; lastKnownFileType = folder.assetcatalog; path = Assets.xcassets; sourceTree = "<group>"; };
		4E2CD1792B8AF9861F1CE5A8 /* PongConfiguration.swift */ = {isa = PBXFileReference; lastKnownFileType = sourcecode.swift; path = PongConfiguration.swift; sourceTree = "<group>"; };
		65E9EC4FA7B6875D992399EF /* PongViewController.swift */ = {isa = PBXFileReference; lastKnownFileType = sourcecode.swift; path = PongViewController.swift; sourceTree = "<group>"; };
		6BEE9ADA5477EF2DAEA8A390 /* Preview Assets.xcassets */ = {isa = PBXFileReference; lastKnownFileType = folder.assetcatalog; path = "Preview Assets.xcassets"; sourceTree = "<group>"; };
		E5C14D01D47C57B404EC0612 /* AppDelegate.swift */ = {isa = PBXFileReference; lastKnownFileType = sourcecode.swift; path = AppDelegate.swift; sourceTree = "<group>"; };
		EE5E26943F35E9325B30BFB1 /* GameTemplate.app */ = {isa = PBXFileReference; includeInIndex = 0; lastKnownFileType = wrapper.application; path = GameTemplate.app; sourceTree = BUILT_PRODUCTS_DIR; };
		F779E868C8B57583D84B31DA /* BillyTempoCasualGamesFramework.xcframework */ = {isa = PBXFileReference; lastKnownFileType = wrapper.xcframework; name = BillyTempoCasualGamesFramework.xcframework; path = ../BillyTempoCasualGamesFramework/BillyTempoCasualGamesFramework.xcframework; sourceTree = "<group>"; };
/* End PBXFileReference section */

/* Begin PBXFrameworksBuildPhase section */
		C13EBC2CE100187C05718998 /* Frameworks */ = {
			isa = PBXFrameworksBuildPhase;
			buildActionMask = 2147483647;
			files = (
				1BEBFA2C164C19FB7E2A20E8 /* BillyTempoCasualGamesFramework.xcframework in Frameworks */,
			);
			runOnlyForDeploymentPostprocessing = 0;
		};
/* End PBXFrameworksBuildPhase section */

/* Begin PBXGroup section */
		349F3CEC4BD0853885C3FD73 /* Preview Content */ = {
			isa = PBXGroup;
			children = (
				6BEE9ADA5477EF2DAEA8A390 /* Preview Assets.xcassets */,
			);
			path = "Preview Content";
			sourceTree = "<group>";
		};
		393D46A58B50A92247B4572E /* Frameworks */ = {
			isa = PBXGroup;
			children = (
				F779E868C8B57583D84B31DA /* BillyTempoCasualGamesFramework.xcframework */,
			);
			name = Frameworks;
			sourceTree = "<group>";
		};
		50602B405BD1A2C265E5F2CA /* Products */ = {
			isa = PBXGroup;
			children = (
				EE5E26943F35E9325B30BFB1 /* GameTemplate.app */,
			);
			name = Products;
			sourceTree = "<group>";
		};
		7AA53F3D96D93B0D77D40C29 = {
			isa = PBXGroup;
			children = (
				FFDCF9080D8ED5D7E1CE5608 /* GameTemplate */,
				393D46A58B50A92247B4572E /* Frameworks */,
				50602B405BD1A2C265E5F2CA /* Products */,
			);
			sourceTree = "<group>";
		};
		FFDCF9080D8ED5D7E1CE5608 /* GameTemplate */ = {
			isa = PBXGroup;
			children = (
				E5C14D01D47C57B404EC0612 /* AppDelegate.swift */,
				4B7233D23D1237A970123925 /* Assets.xcassets */,
				118699235943C220A92AB01F /* main.swift */,
				4E2CD1792B8AF9861F1CE5A8 /* PongConfiguration.swift */,
				65E9EC4FA7B6875D992399EF /* PongViewController.swift */,
				349F3CEC4BD0853885C3FD73 /* Preview Content */,
			);
			path = GameTemplate;
			sourceTree = "<group>";
		};
/* End PBXGroup section */

/* Begin PBXNativeTarget section */
		1AC83724EEBA34BF96836AE6 /* GameTemplate */ = {
			isa = PBXNativeTarget;
			buildConfigurationList = A68D406DBDC423E2203E731F /* Build configuration list for PBXNativeTarget "GameTemplate" */;
			buildPhases = (
				120F555B567144FB4B800344 /* Sources */,
				4743ED6FCF57205098C77ACD /* Resources */,
				C13EBC2CE100187C05718998 /* Frameworks */,
				C4D8BC17B612323F1967B34A /* Embed Frameworks */,
			);
			buildRules = (
			);
			dependencies = (
			);
			name = GameTemplate;
			productName = GameTemplate;
			productReference = EE5E26943F35E9325B30BFB1 /* GameTemplate.app */;
			productType = "com.apple.product-type.application";
		};
/* End PBXNativeTarget section */

/* Begin PBXProject section */
		51868B7F339FC48177E7FC59 /* Project object */ = {
			isa = PBXProject;
			attributes = {
				BuildIndependentTargetsInParallel = YES;
				LastUpgradeCheck = 1400;
				TargetAttributes = {
					1AC83724EEBA34BF96836AE6 = {
						DevelopmentTeam = 2UA4PUUFQ3;
						ProvisioningStyle = Automatic;
					};
				};
			};
			buildConfigurationList = 8F7607DF6E86BA3C92991C7C /* Build configuration list for PBXProject "GameTemplate" */;
			compatibilityVersion = "Xcode 14.0";
			developmentRegion = en;
			hasScannedForEncodings = 0;
			knownRegions = (
				Base,
				en,
			);
			mainGroup = 7AA53F3D96D93B0D77D40C29;
			projectDirPath = "";
			projectRoot = "";
			targets = (
				1AC83724EEBA34BF96836AE6 /* GameTemplate */,
			);
		};
/* End PBXProject section */

/* Begin PBXResourcesBuildPhase section */
		4743ED6FCF57205098C77ACD /* Resources */ = {
			isa = PBXResourcesBuildPhase;
			buildActionMask = 2147483647;
			files = (
				324F4111594A10D78BD6B176 /* Assets.xcassets in Resources */,
				522CF314969137B559B6C6FA /* Preview Assets.xcassets in Resources */,
			);
			runOnlyForDeploymentPostprocessing = 0;
		};
/* End PBXResourcesBuildPhase section */

/* Begin PBXSourcesBuildPhase section */
		120F555B567144FB4B800344 /* Sources */ = {
			isa = PBXSourcesBuildPhase;
			buildActionMask = 2147483647;
			files = (
				74F0D5A3844DD5C60906C9FA /* AppDelegate.swift in Sources */,
				A761226A04937F68A80265B9 /* PongConfiguration.swift in Sources */,
				BF9CBD33FD75B08C414BE799 /* PongViewController.swift in Sources */,
				52E754EE6E6BEC279653C973 /* main.swift in Sources */,
			);
			runOnlyForDeploymentPostprocessing = 0;
		};
/* End PBXSourcesBuildPhase section */

/* Begin XCBuildConfiguration section */
		7956073019D44A248572674C /* Release */ = {
			isa = XCBuildConfiguration;
			buildSettings = {
				ASSETCATALOG_COMPILER_APPICON_NAME = AppIcon;
				CODE_SIGN_IDENTITY = "Apple Development";
				CODE_SIGN_STYLE = Automatic;
				DEVELOPMENT_TEAM = 2UA4PUUFQ3;
				FRAMEWORK_SEARCH_PATHS = (
					"$(inherited)",
					"\"../BillyTempoCasualGamesFramework\"",
				);
				GENERATE_INFOPLIST_FILE = YES;
				INFOPLIST_KEY_UILaunchStoryboardName = LaunchScreen;
				LD_RUNPATH_SEARCH_PATHS = (
					"$(inherited)",
					"@executable_path/Frameworks",
				);
				PRODUCT_BUNDLE_IDENTIFIER = com.billyblair.GameTemplate;
				PRODUCT_NAME = GameTemplate;
				SDKROOT = iphoneos;
				TARGETED_DEVICE_FAMILY = "1,2";
			};
			name = Release;
		};
		8D6A6881AB8E5A6A69D4A12F /* Debug */ = {
			isa = XCBuildConfiguration;
			buildSettings = {
				ALWAYS_SEARCH_USER_PATHS = NO;
				CLANG_ANALYZER_NONNULL = YES;
				CLANG_ANALYZER_NUMBER_OBJECT_CONVERSION = YES_AGGRESSIVE;
				CLANG_CXX_LANGUAGE_STANDARD = "gnu++14";
				CLANG_CXX_LIBRARY = "libc++";
				CLANG_ENABLE_MODULES = YES;
				CLANG_ENABLE_OBJC_ARC = YES;
				CLANG_ENABLE_OBJC_WEAK = YES;
				CLANG_WARN_BLOCK_CAPTURE_AUTORELEASING = YES;
				CLANG_WARN_BOOL_CONVERSION = YES;
				CLANG_WARN_COMMA = YES;
				CLANG_WARN_CONSTANT_CONVERSION = YES;
				CLANG_WARN_DEPRECATED_OBJC_IMPLEMENTATIONS = YES;
				CLANG_WARN_DIRECT_OBJC_ISA_USAGE = YES_ERROR;
				CLANG_WARN_DOCUMENTATION_COMMENTS = YES;
				CLANG_WARN_EMPTY_BODY = YES;
				CLANG_WARN_ENUM_CONVERSION = YES;
				CLANG_WARN_INFINITE_RECURSION = YES;
				CLANG_WARN_INT_CONVERSION = YES;
				CLANG_WARN_NON_LITERAL_NULL_CONVERSION = YES;
				CLANG_WARN_OBJC_IMPLICIT_RETAIN_SELF = YES;
				CLANG_WARN_OBJC_LITERAL_CONVERSION = YES;
				CLANG_WARN_OBJC_ROOT_CLASS = YES_ERROR;
				CLANG_WARN_QUOTED_INCLUDE_IN_FRAMEWORK_HEADER = YES;
				CLANG_WARN_RANGE_LOOP_ANALYSIS = YES;
				CLANG_WARN_STRICT_PROTOTYPES = YES;
				CLANG_WARN_SUSPICIOUS_MOVE = YES;
				CLANG_WARN_UNGUARDED_AVAILABILITY = YES_AGGRESSIVE;
				CLANG_WARN_UNREACHABLE_CODE = YES;
				CLANG_WARN__DUPLICATE_METHOD_MATCH = YES;
				CODE_SIGN_IDENTITY = "Apple Development";
				CODE_SIGN_STYLE = Automatic;
				COPY_PHASE_STRIP = NO;
				CURRENT_PROJECT_VERSION = 1;
				DEBUG_INFORMATION_FORMAT = dwarf;
				DEVELOPMENT_TEAM = 2UA4PUUFQ3;
				ENABLE_STRICT_OBJC_MSGSEND = YES;
				ENABLE_TESTABILITY = YES;
				GCC_C_LANGUAGE_STANDARD = gnu11;
				GCC_DYNAMIC_NO_PIC = NO;
				GCC_NO_COMMON_BLOCKS = YES;
				GCC_OPTIMIZATION_LEVEL = 0;
				GCC_PREPROCESSOR_DEFINITIONS = (
					"$(inherited)",
					"DEBUG=1",
				);
				GCC_WARN_64_TO_32_BIT_CONVERSION = YES;
				GCC_WARN_ABOUT_RETURN_TYPE = YES_ERROR;
				GCC_WARN_UNDECLARED_SELECTOR = YES;
				GCC_WARN_UNINITIALIZED_AUTOS = YES_AGGRESSIVE;
				GCC_WARN_UNUSED_FUNCTION = YES;
				GCC_WARN_UNUSED_VARIABLE = YES;
				GENERATE_INFOPLIST_FILE = YES;
				IPHONEOS_DEPLOYMENT_TARGET = 13.0;
				MARKETING_VERSION = 1.0.0;
				MTL_ENABLE_DEBUG_INFO = INCLUDE_SOURCE;
				MTL_FAST_MATH = YES;
				ONLY_ACTIVE_ARCH = YES;
				PRODUCT_NAME = "$(TARGET_NAME)";
				SDKROOT = iphoneos;
				SWIFT_ACTIVE_COMPILATION_CONDITIONS = DEBUG;
				SWIFT_OPTIMIZATION_LEVEL = "-Onone";
				SWIFT_VERSION = 5.0;
			};
			name = Debug;
		};
		D76874AC0A2DB3E1C734AB90 /* Release */ = {
			isa = XCBuildConfiguration;
			buildSettings = {
				ALWAYS_SEARCH_USER_PATHS = NO;
				CLANG_ANALYZER_NONNULL = YES;
				CLANG_ANALYZER_NUMBER_OBJECT_CONVERSION = YES_AGGRESSIVE;
				CLANG_CXX_LANGUAGE_STANDARD = "gnu++14";
				CLANG_CXX_LIBRARY = "libc++";
				CLANG_ENABLE_MODULES = YES;
				CLANG_ENABLE_OBJC_ARC = YES;
				CLANG_ENABLE_OBJC_WEAK = YES;
				CLANG_WARN_BLOCK_CAPTURE_AUTORELEASING = YES;
				CLANG_WARN_BOOL_CONVERSION = YES;
				CLANG_WARN_COMMA = YES;
				CLANG_WARN_CONSTANT_CONVERSION = YES;
				CLANG_WARN_DEPRECATED_OBJC_IMPLEMENTATIONS = YES;
				CLANG_WARN_DIRECT_OBJC_ISA_USAGE = YES_ERROR;
				CLANG_WARN_DOCUMENTATION_COMMENTS = YES;
				CLANG_WARN_EMPTY_BODY = YES;
				CLANG_WARN_ENUM_CONVERSION = YES;
				CLANG_WARN_INFINITE_RECURSION = YES;
				CLANG_WARN_INT_CONVERSION = YES;
				CLANG_WARN_NON_LITERAL_NULL_CONVERSION = YES;
				CLANG_WARN_OBJC_IMPLICIT_RETAIN_SELF = YES;
				CLANG_WARN_OBJC_LITERAL_CONVERSION = YES;
				CLANG_WARN_OBJC_ROOT_CLASS = YES_ERROR;
				CLANG_WARN_QUOTED_INCLUDE_IN_FRAMEWORK_HEADER = YES;
				CLANG_WARN_RANGE_LOOP_ANALYSIS = YES;
				CLANG_WARN_STRICT_PROTOTYPES = YES;
				CLANG_WARN_SUSPICIOUS_MOVE = YES;
				CLANG_WARN_UNGUARDED_AVAILABILITY = YES_AGGRESSIVE;
				CLANG_WARN_UNREACHABLE_CODE = YES;
				CLANG_WARN__DUPLICATE_METHOD_MATCH = YES;
				CODE_SIGN_IDENTITY = "Apple Development";
				CODE_SIGN_STYLE = Automatic;
				COPY_PHASE_STRIP = NO;
				CURRENT_PROJECT_VERSION = 1;
				DEBUG_INFORMATION_FORMAT = "dwarf-with-dsym";
				DEVELOPMENT_TEAM = 2UA4PUUFQ3;
				ENABLE_NS_ASSERTIONS = NO;
				ENABLE_STRICT_OBJC_MSGSEND = YES;
				GCC_C_LANGUAGE_STANDARD = gnu11;
				GCC_NO_COMMON_BLOCKS = YES;
				GCC_WARN_64_TO_32_BIT_CONVERSION = YES;
				GCC_WARN_ABOUT_RETURN_TYPE = YES_ERROR;
				GCC_WARN_UNDECLARED_SELECTOR = YES;
				GCC_WARN_UNINITIALIZED_AUTOS = YES_AGGRESSIVE;
				GCC_WARN_UNUSED_FUNCTION = YES;
				GCC_WARN_UNUSED_VARIABLE = YES;
				GENERATE_INFOPLIST_FILE = YES;
				IPHONEOS_DEPLOYMENT_TARGET = 13.0;
				MARKETING_VERSION = 1.0.0;
				MTL_ENABLE_DEBUG_INFO = NO;
				MTL_FAST_MATH = YES;
				PRODUCT_NAME = "$(TARGET_NAME)";
				SDKROOT = iphoneos;
				SWIFT_COMPILATION_MODE = wholemodule;
				SWIFT_OPTIMIZATION_LEVEL = "-O";
				SWIFT_VERSION = 5.0;
			};
			name = Release;
		};
		F294D60E25446A017D375ECD /* Debug */ = {
			isa = XCBuildConfiguration;
			buildSettings = {
				ASSETCATALOG_COMPILER_APPICON_NAME = AppIcon;
				CODE_SIGN_IDENTITY = "Apple Development";
				CODE_SIGN_STYLE = Automatic;
				DEVELOPMENT_TEAM = 2UA4PUUFQ3;
				FRAMEWORK_SEARCH_PATHS = (
					"$(inherited)",
					"\"../BillyTempoCasualGamesFramework\"",
				);
				GENERATE_INFOPLIST_FILE = YES;
				INFOPLIST_KEY_UILaunchStoryboardName = LaunchScreen;
				LD_RUNPATH_SEARCH_PATHS = (
					"$(inherited)",
					"@executable_path/Frameworks",
				);
				PRODUCT_BUNDLE_IDENTIFIER = com.billyblair.GameTemplate;
				PRODUCT_NAME = GameTemplate;
				SDKROOT = iphoneos;
				TARGETED_DEVICE_FAMILY = "1,2";
			};
			name = Debug;
		};
/* End XCBuildConfiguration section */

/* Begin XCConfigurationList section */
		8F7607DF6E86BA3C92991C7C /* Build configuration list for PBXProject "GameTemplate" */ = {
			isa = XCConfigurationList;
			buildConfigurations = (
				8D6A6881AB8E5A6A69D4A12F /* Debug */,
				D76874AC0A2DB3E1C734AB90 /* Release */,
			);
			defaultConfigurationIsVisible = 0;
			defaultConfigurationName = Debug;
		};
		A68D406DBDC423E2203E731F /* Build configuration list for PBXNativeTarget "GameTemplate" */ = {
			isa = XCConfigurationList;
			buildConfigurations = (
				F294D60E25446A017D375ECD /* Debug */,
				7956073019D44A248572674C /* Release */,
			);
			defaultConfigurationIsVisible = 0;
			defaultConfigurationName = Debug;
		};
/* End XCConfigurationList section */
	};
	rootObject = 51868B7F339FC48177E7FC59 /* Project object */;
}
